
Microsoft Visual Studio Solution File, Format Version 12.00
# Visual Studio 14
VisualStudioVersion = 14.0.25420.1
MinimumVisualStudioVersion = 10.0.40219.1
Project("{FAE04EC0-301F-11D3-BF4B-00C04F79EFBC}") = "SCMS", "SCMS\SCMS.csproj", "{CEFF01D2-FD75-45A6-BB7A-A97372F22929}"
EndProject
Project("{FAE04EC0-301F-11D3-BF4B-00C04F79EFBC}") = "DataAccess", "DataAccess\DataAccess.csproj", "{CF9BA738-C24B-4BBA-B740-7FC8AF8CA938}"
EndProject
Global
	GlobalSection(SolutionConfigurationPlatforms) = preSolution
		Debug|Any CPU = Debug|Any CPU
		Release|Any CPU = Release|Any CPU
	EndGlobalSection
	GlobalSection(ProjectConfigurationPlatforms) = postSolution
		{CEFF01D2-FD75-45A6-BB7A-A97372F22929}.Debug|Any CPU.ActiveCfg = Debug|Any CPU
		{CEFF01D2-FD75-45A6-BB7A-A97372F22929}.Debug|Any CPU.Build.0 = Debug|Any CPU
		{CEFF01D2-FD75-45A6-BB7A-A97372F22929}.Release|Any CPU.ActiveCfg = Release|Any CPU
		{CEFF01D2-FD75-45A6-BB7A-A97372F22929}.Release|Any CPU.Build.0 = Release|Any CPU
		{CF9BA738-C24B-4BBA-B740-7FC8AF8CA938}.Debug|Any CPU.ActiveCfg = Debug|Any CPU
		{CF9BA738-C24B-4BBA-B740-7FC8AF8CA938}.Debug|Any CPU.Build.0 = Debug|Any CPU
		{CF9BA738-C24B-4BBA-B740-7FC8AF8CA938}.Release|Any CPU.ActiveCfg = Release|Any CPU
		{CF9BA738-C24B-4BBA-B740-7FC8AF8CA938}.Release|Any CPU.Build.0 = Release|Any CPU
	EndGlobalSection
	GlobalSection(SolutionProperties) = preSolution
		HideSolutionNode = FALSE
	EndGlobalSection
EndGlobal
